
Microsoft Visual Studio Solution File, Format Version 12.00
# Visual Studio 15
VisualStudioVersion = 15.0.26730.10
MinimumVisualStudioVersion = 10.0.40219.1
Project("{FAE04EC0-301F-11D3-BF4B-00C04F79EFBC}") = "Resourcer", "Resourcer\Resourcer.csproj", "{A66B5D8F-D522-4ECF-A3CA-F942370CB244}"
EndProject
Project("{FAE04EC0-301F-11D3-BF4B-00C04F79EFBC}") = "Resourcer.Test", "Resourcer.Test\Resourcer.Test.csproj", "{F8E8959E-3C03-40F1-936E-9A8B51DB380B}"
Project("{FAE04EC0-301F-11D3-BF4B-00C04F79EFBC}") = "Resourcer.Tests", "Resourcer.Tests\Resourcer.Tests.csproj", "{D1CD4353-FA32-4DD1-B26F-FD8F50186EF9}"
EndProject
Global
	GlobalSection(SolutionConfigurationPlatforms) = preSolution
		Debug|Any CPU = Debug|Any CPU
		Release|Any CPU = Release|Any CPU
	EndGlobalSection
	GlobalSection(ProjectConfigurationPlatforms) = postSolution
		{A66B5D8F-D522-4ECF-A3CA-F942370CB244}.Debug|Any CPU.ActiveCfg = Debug|Any CPU
		{A66B5D8F-D522-4ECF-A3CA-F942370CB244}.Debug|Any CPU.Build.0 = Debug|Any CPU
		{A66B5D8F-D522-4ECF-A3CA-F942370CB244}.Release|Any CPU.ActiveCfg = Release|Any CPU
		{A66B5D8F-D522-4ECF-A3CA-F942370CB244}.Release|Any CPU.Build.0 = Release|Any CPU
		{F8E8959E-3C03-40F1-936E-9A8B51DB380B}.Debug|Any CPU.ActiveCfg = Debug|Any CPU
		{F8E8959E-3C03-40F1-936E-9A8B51DB380B}.Debug|Any CPU.Build.0 = Debug|Any CPU
		{F8E8959E-3C03-40F1-936E-9A8B51DB380B}.Release|Any CPU.ActiveCfg = Release|Any CPU
		{F8E8959E-3C03-40F1-936E-9A8B51DB380B}.Release|Any CPU.Build.0 = Release|Any CPU
		{D1CD4353-FA32-4DD1-B26F-FD8F50186EF9}.Debug|Any CPU.ActiveCfg = Debug|Any CPU
		{D1CD4353-FA32-4DD1-B26F-FD8F50186EF9}.Debug|Any CPU.Build.0 = Debug|Any CPU
		{D1CD4353-FA32-4DD1-B26F-FD8F50186EF9}.Release|Any CPU.ActiveCfg = Release|Any CPU
		{D1CD4353-FA32-4DD1-B26F-FD8F50186EF9}.Release|Any CPU.Build.0 = Release|Any CPU
	EndGlobalSection
	GlobalSection(SolutionProperties) = preSolution
		HideSolutionNode = FALSE
	EndGlobalSection
	GlobalSection(ExtensibilityGlobals) = postSolution
		SolutionGuid = {C0EE4456-7047-4214-9B45-90292890C0C0}
	EndGlobalSection
EndGlobal
